// !$*UTF8*$!
{
	archiveVersion = 1;
	classes = {
	};
	objectVersion = 56;
	objects = {

/* Begin PBXBuildFile section */
		A71111112B0000010000FFCI /* FFCIApp.swift in Sources */ = {isa = PBXBuildFile; fileRef = A71111102B0000010000FFCI /* FFCIApp.swift */; };
		A71111132B0000010000FFCI /* ContentView.swift in Sources */ = {isa = PBXBuildFile; fileRef = A71111122B0000010000FFCI /* ContentView.swift */; };
		4FA7904F51F34D7589CBFF68 /* ApiModels.swift in Sources */ = {isa = PBXBuildFile; fileRef = 7A0B7BA3F7D347D2993A9ECD /* ApiModels.swift */; };
		FE6F96A343BC4881BF8DF12A /* MipApiClient.swift in Sources */ = {isa = PBXBuildFile; fileRef = 549E27E02AE14FA3BDD30465 /* MipApiClient.swift */; };
		D1BDFA241184435CBF6EE731 /* CollectionListView.swift in Sources */ = {isa = PBXBuildFile; fileRef = 97418B1187BB47D582240761 /* CollectionListView.swift */; };
		B796F3DC0B4C4D5092FD0919 /* ErrorView.swift in Sources */ = {isa = PBXBuildFile; fileRef = CE15394DB45A4153AF9A4BD4 /* ErrorView.swift */; };
		FF736214FB3841A888026BD1 /* HomeView.swift in Sources */ = {isa = PBXBuildFile; fileRef = 40900D8851BD40D591DC5640 /* HomeView.swift */; };
		9E1F2A3B4C5D6E7F8091A2B3 /* SearchView.swift in Sources */ = {isa = PBXBuildFile; fileRef = A1B2C3D4E5F60718293A4B5C /* SearchView.swift */; };
		9ED2219387AD454B8E0D0927 /* LoadingView.swift in Sources */ = {isa = PBXBuildFile; fileRef = 3AE9115171EE4243A6AE0A2B /* LoadingView.swift */; };
		1C63E5C62816485AA552F210 /* TabPageView.swift in Sources */ = {isa = PBXBuildFile; fileRef = DBD67E6F8F8C4C988F741931 /* TabPageView.swift */; };
		890456F6A200436691B1D9D1 /* HtmlContentView.swift in Sources */ = {isa = PBXBuildFile; fileRef = 3D51A13CFD7348FAB546FCB6 /* HtmlContentView.swift */; };
		A8B9C0D1E2F3A4B5C6D7E8F9 /* AudioPlayerView.swift in Sources */ = {isa = PBXBuildFile; fileRef = A1B2C3D4E5F6A7B8C9D0E1F2 /* AudioPlayerView.swift */; };
		B2C3D4E5F60718293A4B5C6D /* SearchCache.swift in Sources */ = {isa = PBXBuildFile; fileRef = C3D4E5F60718293A4B5C6D7E /* SearchCache.swift */; };


		A71111152B0000020000FFCI /* Assets.xcassets in Resources */ = {isa = PBXBuildFile; fileRef = A71111142B0000020000FFCI /* Assets.xcassets */; };
		A71111182B0000020000FFCI /* Preview Assets.xcassets in Resources */ = {isa = PBXBuildFile; fileRef = A71111172B0000020000FFCI /* Preview Assets.xcassets */; };
/* End PBXBuildFile section */

/* Begin PBXFileReference section */
		A7111109B0000010000FFCI /* FFCI.app */ = {isa = PBXFileReference; explicitFileType = wrapper.application; includeInIndex = 0; path = FFCI.app; sourceTree = BUILT_PRODUCTS_DIR; };
		A71111102B0000010000FFCI /* FFCIApp.swift */ = {isa = PBXFileReference; lastKnownFileType = sourcecode.swift; path = FFCIApp.swift; sourceTree = "<group>"; };
		A71111122B0000010000FFCI /* ContentView.swift */ = {isa = PBXFileReference; lastKnownFileType = sourcecode.swift; path = ContentView.swift; sourceTree = "<group>"; };
		7A0B7BA3F7D347D2993A9ECD /* ApiModels.swift */ = {isa = PBXFileReference; lastKnownFileType = sourcecode.swift; path = API/ApiModels.swift; sourceTree = "<group>"; };
		549E27E02AE14FA3BDD30465 /* MipApiClient.swift */ = {isa = PBXFileReference; lastKnownFileType = sourcecode.swift; path = API/MipApiClient.swift; sourceTree = "<group>"; };
		C3D4E5F60718293A4B5C6D7E /* SearchCache.swift */ = {isa = PBXFileReference; lastKnownFileType = sourcecode.swift; path = Data/SearchCache.swift; sourceTree = "<group>"; };
		97418B1187BB47D582240761 /* CollectionListView.swift */ = {isa = PBXFileReference; lastKnownFileType = sourcecode.swift; path = Views/CollectionListView.swift; sourceTree = "<group>"; };
		CE15394DB45A4153AF9A4BD4 /* ErrorView.swift */ = {isa = PBXFileReference; lastKnownFileType = sourcecode.swift; path = Views/ErrorView.swift; sourceTree = "<group>"; };
		40900D8851BD40D591DC5640 /* HomeView.swift */ = {isa = PBXFileReference; lastKnownFileType = sourcecode.swift; path = Views/HomeView.swift; sourceTree = "<group>"; };
		A1B2C3D4E5F60718293A4B5C /* SearchView.swift */ = {isa = PBXFileReference; lastKnownFileType = sourcecode.swift; path = Views/SearchView.swift; sourceTree = "<group>"; };
		3AE9115171EE4243A6AE0A2B /* LoadingView.swift */ = {isa = PBXFileReference; lastKnownFileType = sourcecode.swift; path = Views/LoadingView.swift; sourceTree = "<group>"; };
		DBD67E6F8F8C4C988F741931 /* TabPageView.swift */ = {isa = PBXFileReference; lastKnownFileType = sourcecode.swift; path = Views/TabPageView.swift; sourceTree = "<group>"; };
		3D51A13CFD7348FAB546FCB6 /* HtmlContentView.swift */ = {isa = PBXFileReference; lastKnownFileType = sourcecode.swift; path = Views/HtmlContentView.swift; sourceTree = "<group>"; };
		A1B2C3D4E5F6A7B8C9D0E1F2 /* AudioPlayerView.swift */ = {isa = PBXFileReference; lastKnownFileType = sourcecode.swift; path = Views/AudioPlayerView.swift; sourceTree = "<group>"; };


		A71111142B0000020000FFCI /* Assets.xcassets */ = {isa = PBXFileReference; lastKnownFileType = folder.assetcatalog; path = Assets.xcassets; sourceTree = "<group>"; };
		A71111172B0000020000FFCI /* Preview Assets.xcassets */ = {isa = PBXFileReference; lastKnownFileType = folder.assetcatalog; path = "Preview Assets.xcassets"; sourceTree = "<group>"; };
/* End PBXFileReference section */

/* Begin PBXFrameworksBuildPhase section */
		A71111062B0000010000FFCI /* Frameworks */ = {
			isa = PBXFrameworksBuildPhase;
			buildActionMask = 2147483647;
			files = (
			);
			runOnlyForDeploymentPostprocessing = 0;
		};
/* End PBXFrameworksBuildPhase section */

/* Begin PBXGroup section */
		A71111002B0000010000FFCI = {
			isa = PBXGroup;
			children = (
				A7111111B0000010000FFCI /* FFCI */,
				A7111110B0000010000FFCI /* Products */,
			);
			sourceTree = "<group>";
		};
		A7111110B0000010000FFCI /* Products */ = {
			isa = PBXGroup;
			children = (
				A7111109B0000010000FFCI /* FFCI.app */,
			);
			name = Products;
			sourceTree = "<group>";
		};
		A7111111B0000010000FFCI /* FFCI */ = {
			isa = PBXGroup;
			children = (
				A71111102B0000010000FFCI /* FFCIApp.swift */,
				A71111122B0000010000FFCI /* ContentView.swift */,
				7A0B7BA3F7D347D2993A9ECD /* ApiModels.swift */,
				549E27E02AE14FA3BDD30465 /* MipApiClient.swift */,
				C3D4E5F60718293A4B5C6D7E /* SearchCache.swift */,
				97418B1187BB47D582240761 /* CollectionListView.swift */,
				CE15394DB45A4153AF9A4BD4 /* ErrorView.swift */,
				40900D8851BD40D591DC5640 /* HomeView.swift */,
				A1B2C3D4E5F60718293A4B5C /* SearchView.swift */,
				3AE9115171EE4243A6AE0A2B /* LoadingView.swift */,
				DBD67E6F8F8C4C988F741931 /* TabPageView.swift */,
				3D51A13CFD7348FAB546FCB6 /* HtmlContentView.swift */,
				A1B2C3D4E5F6A7B8C9D0E1F2 /* AudioPlayerView.swift */,


				A71111142B0000020000FFCI /* Assets.xcassets */,
				A71111162B0000020000FFCI /* Preview Content */,
			);
			path = FFCI;
			sourceTree = "<group>";
		};
		A71111162B0000020000FFCI /* Preview Content */ = {
			isa = PBXGroup;
			children = (
				A71111172B0000020000FFCI /* Preview Assets.xcassets */,
			);
			path = "Preview Content";
			sourceTree = "<group>";
		};
/* End PBXGroup section */

/* Begin PBXNativeTarget section */
		A71111082B0000010000FFCI /* FFCI */ = {
			isa = PBXNativeTarget;
			buildConfigurationList = A7111130B0000020000FFCI /* Build configuration list for PBXNativeTarget "FFCI" */;
			buildPhases = (
				A71111052B0000010000FFCI /* Sources */,
				A71111062B0000010000FFCI /* Frameworks */,
				A71111072B0000010000FFCI /* Resources */,
			);
			buildRules = (
			);
			dependencies = (
			);
			name = FFCI;
			productName = FFCI;
			productReference = A7111109B0000010000FFCI /* FFCI.app */;
			productType = "com.apple.product-type.application";
		};
/* End PBXNativeTarget section */

/* Begin PBXProject section */
		A71111012B0000010000FFCI /* Project object */ = {
			isa = PBXProject;
			attributes = {
				BuildIndependentTargetsInParallel = 1;
				LastSwiftUpdateCheck = 1500;
				LastUpgradeCheck = 1500;
				TargetAttributes = {
					A71111082B0000010000FFCI = {
						CreatedOnToolsVersion = 15.0;
					};
				};
			};
			buildConfigurationList = A71111042B0000010000FFCI /* Build configuration list for PBXProject "FFCI" */;
			compatibilityVersion = "Xcode 14.0";
			developmentRegion = en;
			hasScannedForEncodings = 0;
			knownRegions = (
				en,
				Base,
			);
			mainGroup = A71111002B0000010000FFCI;
			productRefGroup = A7111110B0000010000FFCI /* Products */;
			projectDirPath = "";
			projectRoot = "";
			targets = (
				A71111082B0000010000FFCI /* FFCI */,
			);
		};
/* End PBXProject section */

/* Begin PBXResourcesBuildPhase section */
		A71111072B0000010000FFCI /* Resources */ = {
			isa = PBXResourcesBuildPhase;
			buildActionMask = 2147483647;
			files = (
				A71111182B0000020000FFCI /* Preview Assets.xcassets in Resources */,
				A71111152B0000020000FFCI /* Assets.xcassets in Resources */,
			);
			runOnlyForDeploymentPostprocessing = 0;
		};
/* End PBXResourcesBuildPhase section */

/* Begin PBXSourcesBuildPhase section */
		A71111052B0000010000FFCI /* Sources */ = {
			isa = PBXSourcesBuildPhase;
			buildActionMask = 2147483647;
			files = (
				A71111132B0000010000FFCI /* ContentView.swift in Sources */,
				A71111112B0000010000FFCI /* FFCIApp.swift in Sources */,
				4FA7904F51F34D7589CBFF68 /* ApiModels.swift in Sources */,
				FE6F96A343BC4881BF8DF12A /* MipApiClient.swift in Sources */,
				B2C3D4E5F60718293A4B5C6D /* SearchCache.swift in Sources */,
				D1BDFA241184435CBF6EE731 /* CollectionListView.swift in Sources */,
				B796F3DC0B4C4D5092FD0919 /* ErrorView.swift in Sources */,
				FF736214FB3841A888026BD1 /* HomeView.swift in Sources */,
				9E1F2A3B4C5D6E7F8091A2B3 /* SearchView.swift in Sources */,
				9ED2219387AD454B8E0D0927 /* LoadingView.swift in Sources */,
				1C63E5C62816485AA552F210 /* TabPageView.swift in Sources */,
				890456F6A200436691B1D9D1 /* HtmlContentView.swift in Sources */,
				A8B9C0D1E2F3A4B5C6D7E8F9 /* AudioPlayerView.swift in Sources */,


			);
			runOnlyForDeploymentPostprocessing = 0;
		};
/* End PBXSourcesBuildPhase section */

/* Begin XCBuildConfiguration section */
		A7111120B0000020000FFCI /* Debug */ = {
			isa = XCBuildConfiguration;
			buildSettings = {
				ALWAYS_SEARCH_USER_PATHS = NO;
				ASSETCATALOG_COMPILER_GENERATE_SWIFT_ASSET_SYMBOL_EXTENSIONS = YES;
				CLANG_ANALYZER_NONNULL = YES;
				CLANG_ANALYZER_NUMBER_OBJECT_CONVERSION = YES_AGGRESSIVE;
				CLANG_CXX_LANGUAGE_STANDARD = "gnu++20";
				CLANG_ENABLE_MODULES = YES;
				CLANG_ENABLE_OBJC_ARC = YES;
				CLANG_ENABLE_OBJC_WEAK = YES;
				CLANG_WARN_BLOCK_CAPTURE_AUTORELEASING = YES;
				CLANG_WARN_BOOL_CONVERSION = YES;
				CLANG_WARN_COMMA = YES;
				CLANG_WARN_CONSTANT_CONVERSION = YES;
				CLANG_WARN_DEPRECATED_OBJC_IMPLEMENTATIONS = YES;
				CLANG_WARN_DIRECT_OBJC_ISA_USAGE = YES_ERROR;
				CLANG_WARN_DOCUMENTATION_COMMENTS = YES;
				CLANG_WARN_EMPTY_BODY = YES;
				CLANG_WARN_ENUM_CONVERSION = YES;
				CLANG_WARN_INFINITE_RECURSION = YES;
				CLANG_WARN_INT_CONVERSION = YES;
				CLANG_WARN_NON_LITERAL_NULL_CONVERSION = YES;
				CLANG_WARN_OBJC_IMPLICIT_RETAIN_SELF = YES;
				CLANG_WARN_OBJC_LITERAL_CONVERSION = YES;
				CLANG_WARN_OBJC_ROOT_CLASS = YES_ERROR;
				CLANG_WARN_QUOTED_INCLUDE_IN_FRAMEWORK_HEADER = YES;
				CLANG_WARN_RANGE_LOOP_ANALYSIS = YES;
				CLANG_WARN_STRICT_PROTOTYPES = YES;
				CLANG_WARN_SUSPICIOUS_MOVE = YES;
				CLANG_WARN_UNGUARDED_AVAILABILITY = YES_AGGRESSIVE;
				CLANG_WARN_UNREACHABLE_CODE = YES;
				CLANG_WARN__DUPLICATE_METHOD_MATCH = YES;
				COPY_PHASE_STRIP = NO;
				DEBUG_INFORMATION_FORMAT = dwarf;
				ENABLE_STRICT_OBJC_MSGSEND = YES;
				ENABLE_TESTABILITY = YES;
				ENABLE_USER_SCRIPT_SANDBOXING = YES;
				GCC_C_LANGUAGE_STANDARD = gnu17;
				GCC_DYNAMIC_NO_PIC = NO;
				GCC_NO_COMMON_BLOCKS = YES;
				GCC_OPTIMIZATION_LEVEL = 0;
				GCC_PREPROCESSOR_DEFINITIONS = (
					"DEBUG=1",
					"$(inherited)",
				);
				GCC_WARN_64_TO_32_BIT_CONVERSION = YES;
				GCC_WARN_ABOUT_RETURN_TYPE = YES_ERROR;
				GCC_WARN_UNDECLARED_SELECTOR = YES;
				GCC_WARN_UNINITIALIZED_AUTOS = YES_AGGRESSIVE;
				GCC_WARN_UNUSED_FUNCTION = YES;
				GCC_WARN_UNUSED_VARIABLE = YES;
				IPHONEOS_DEPLOYMENT_TARGET = 17.0;
				LOCALIZATION_PREFERS_STRING_CATALOGS = YES;
				MTL_ENABLE_DEBUG_INFO = INCLUDE_SOURCE;
				MTL_FAST_MATH = YES;
				ONLY_ACTIVE_ARCH = YES;
				SDKROOT = iphoneos;
				SWIFT_ACTIVE_COMPILATION_CONDITIONS = "DEBUG $(inherited)";
				SWIFT_OPTIMIZATION_LEVEL = "-Onone";
			};
			name = Debug;
		};
		A7111121B0000020000FFCI /* Release */ = {
			isa = XCBuildConfiguration;
			buildSettings = {
				ALWAYS_SEARCH_USER_PATHS = NO;
				ASSETCATALOG_COMPILER_GENERATE_SWIFT_ASSET_SYMBOL_EXTENSIONS = YES;
				CLANG_ANALYZER_NONNULL = YES;
				CLANG_ANALYZER_NUMBER_OBJECT_CONVERSION = YES_AGGRESSIVE;
				CLANG_CXX_LANGUAGE_STANDARD = "gnu++20";
				CLANG_ENABLE_MODULES = YES;
				CLANG_ENABLE_OBJC_ARC = YES;
				CLANG_ENABLE_OBJC_WEAK = YES;
				CLANG_WARN_BLOCK_CAPTURE_AUTORELEASING = YES;
				CLANG_WARN_BOOL_CONVERSION = YES;
				CLANG_WARN_COMMA = YES;
				CLANG_WARN_CONSTANT_CONVERSION = YES;
				CLANG_WARN_DEPRECATED_OBJC_IMPLEMENTATIONS = YES;
				CLANG_WARN_DIRECT_OBJC_ISA_USAGE = YES_ERROR;
				CLANG_WARN_DOCUMENTATION_COMMENTS = YES;
				CLANG_WARN_EMPTY_BODY = YES;
				CLANG_WARN_ENUM_CONVERSION = YES;
				CLANG_WARN_INFINITE_RECURSION = YES;
				CLANG_WARN_INT_CONVERSION = YES;
				CLANG_WARN_NON_LITERAL_NULL_CONVERSION = YES;
				CLANG_WARN_OBJC_IMPLICIT_RETAIN_SELF = YES;
				CLANG_WARN_OBJC_LITERAL_CONVERSION = YES;
				CLANG_WARN_OBJC_ROOT_CLASS = YES_ERROR;
				CLANG_WARN_QUOTED_INCLUDE_IN_FRAMEWORK_HEADER = YES;
				CLANG_WARN_RANGE_LOOP_ANALYSIS = YES;
				CLANG_WARN_STRICT_PROTOTYPES = YES;
				CLANG_WARN_SUSPICIOUS_MOVE = YES;
				CLANG_WARN_UNGUARDED_AVAILABILITY = YES_AGGRESSIVE;
				CLANG_WARN_UNREACHABLE_CODE = YES;
				CLANG_WARN__DUPLICATE_METHOD_MATCH = YES;
				COPY_PHASE_STRIP = NO;
				DEBUG_INFORMATION_FORMAT = "dwarf-with-dsym";
				ENABLE_NS_ASSERTIONS = NO;
				ENABLE_STRICT_OBJC_MSGSEND = YES;
				ENABLE_USER_SCRIPT_SANDBOXING = YES;
				GCC_C_LANGUAGE_STANDARD = gnu17;
				GCC_NO_COMMON_BLOCKS = YES;
				GCC_WARN_64_TO_32_BIT_CONVERSION = YES;
				GCC_WARN_ABOUT_RETURN_TYPE = YES_ERROR;
				GCC_WARN_UNDECLARED_SELECTOR = YES;
				GCC_WARN_UNINITIALIZED_AUTOS = YES_AGGRESSIVE;
				GCC_WARN_UNUSED_FUNCTION = YES;
				GCC_WARN_UNUSED_VARIABLE = YES;
				IPHONEOS_DEPLOYMENT_TARGET = 17.0;
				LOCALIZATION_PREFERS_STRING_CATALOGS = YES;
				MTL_ENABLE_DEBUG_INFO = NO;
				MTL_FAST_MATH = YES;
				SDKROOT = iphoneos;
				SWIFT_COMPILATION_MODE = wholemodule;
				VALIDATE_PRODUCT = YES;
			};
			name = Release;
		};
		A7111123B0000020000FFCI /* Debug */ = {
			isa = XCBuildConfiguration;
			buildSettings = {
				ASSETCATALOG_COMPILER_APPICON_NAME = AppIcon;
				ASSETCATALOG_COMPILER_GLOBAL_ACCENT_COLOR_NAME = AccentColor;
				CODE_SIGN_STYLE = Automatic;
				CURRENT_PROJECT_VERSION = 1;
				DEVELOPMENT_ASSET_PATHS = "\"FFCI/Preview Content\"";
				ENABLE_PREVIEWS = YES;
				GENERATE_INFOPLIST_FILE = YES;
				INFOPLIST_KEY_UIApplicationSceneManifest_Generation = YES;
				INFOPLIST_KEY_UIApplicationSupportsIndirectInputEvents = YES;
				INFOPLIST_KEY_UILaunchScreen_Generation = YES;
				INFOPLIST_KEY_UISupportedInterfaceOrientations_iPad = "UIInterfaceOrientationPortrait UIInterfaceOrientationPortraitUpsideDown UIInterfaceOrientationLandscapeLeft UIInterfaceOrientationLandscapeRight";
				INFOPLIST_KEY_UISupportedInterfaceOrientations_iPhone = "UIInterfaceOrientationPortrait UIInterfaceOrientationLandscapeLeft UIInterfaceOrientationLandscapeRight";
				LD_RUNPATH_SEARCH_PATHS = (
					"$(inherited)",
					"@executable_path/Frameworks",
				);
				MARKETING_VERSION = 1.0;
				PRODUCT_BUNDLE_IDENTIFIER = com.fiveq.ffci;
				PRODUCT_NAME = "$(TARGET_NAME)";
				SWIFT_EMIT_LOC_STRINGS = YES;
				SWIFT_VERSION = 5.0;
				TARGETED_DEVICE_FAMILY = "1,2";
			};
			name = Debug;
		};
		A7111124B0000020000FFCI /* Release */ = {
			isa = XCBuildConfiguration;
			buildSettings = {
				ASSETCATALOG_COMPILER_APPICON_NAME = AppIcon;
				ASSETCATALOG_COMPILER_GLOBAL_ACCENT_COLOR_NAME = AccentColor;
				CODE_SIGN_STYLE = Automatic;
				CURRENT_PROJECT_VERSION = 1;
				DEVELOPMENT_ASSET_PATHS = "\"FFCI/Preview Content\"";
				ENABLE_PREVIEWS = YES;
				GENERATE_INFOPLIST_FILE = YES;
				INFOPLIST_KEY_UIApplicationSceneManifest_Generation = YES;
				INFOPLIST_KEY_UIApplicationSupportsIndirectInputEvents = YES;
				INFOPLIST_KEY_UILaunchScreen_Generation = YES;
				INFOPLIST_KEY_UISupportedInterfaceOrientations_iPad = "UIInterfaceOrientationPortrait UIInterfaceOrientationPortraitUpsideDown UIInterfaceOrientationLandscapeLeft UIInterfaceOrientationLandscapeRight";
				INFOPLIST_KEY_UISupportedInterfaceOrientations_iPhone = "UIInterfaceOrientationPortrait UIInterfaceOrientationLandscapeLeft UIInterfaceOrientationLandscapeRight";
				LD_RUNPATH_SEARCH_PATHS = (
					"$(inherited)",
					"@executable_path/Frameworks",
				);
				MARKETING_VERSION = 1.0;
				PRODUCT_BUNDLE_IDENTIFIER = com.fiveq.ffci;
				PRODUCT_NAME = "$(TARGET_NAME)";
				SWIFT_EMIT_LOC_STRINGS = YES;
				SWIFT_VERSION = 5.0;
				TARGETED_DEVICE_FAMILY = "1,2";
			};
			name = Release;
		};
/* End XCBuildConfiguration section */

/* Begin XCConfigurationList section */
		A71111042B0000010000FFCI /* Build configuration list for PBXProject "FFCI" */ = {
			isa = XCConfigurationList;
			buildConfigurations = (
				A7111120B0000020000FFCI /* Debug */,
				A7111121B0000020000FFCI /* Release */,
			);
			defaultConfigurationIsVisible = 0;
			defaultConfigurationName = Release;
		};
		A7111130B0000020000FFCI /* Build configuration list for PBXNativeTarget "FFCI" */ = {
			isa = XCConfigurationList;
			buildConfigurations = (
				A7111123B0000020000FFCI /* Debug */,
				A7111124B0000020000FFCI /* Release */,
			);
			defaultConfigurationIsVisible = 0;
			defaultConfigurationName = Release;
		};
/* End XCConfigurationList section */
	};
	rootObject = A71111012B0000010000FFCI /* Project object */;
}
